// !$*UTF8*$!
{
	archiveVersion = 1;
	classes = {
	};
	objectVersion = 55;
	objects = {

/* Begin PBXBuildFile section */
		112663E3274E559200EF9B33 /* OrdersView.swift in Sources */ = {isa = PBXBuildFile; fileRef = 112663E2274E559200EF9B33 /* OrdersView.swift */; };
		1144E25E274E99330039B2C3 /* OrdersVM.swift in Sources */ = {isa = PBXBuildFile; fileRef = 1144E25D274E99330039B2C3 /* OrdersVM.swift */; };
		1162E187274A4FDE002CE720 /* BeerFactoryAppApp.swift in Sources */ = {isa = PBXBuildFile; fileRef = 1162E186274A4FDE002CE720 /* BeerFactoryAppApp.swift */; };
		1162E189274A4FDE002CE720 /* LoginPageView.swift in Sources */ = {isa = PBXBuildFile; fileRef = 1162E188274A4FDE002CE720 /* LoginPageView.swift */; };
		1162E18B274A4FE1002CE720 /* Assets.xcassets in Resources */ = {isa = PBXBuildFile; fileRef = 1162E18A274A4FE1002CE720 /* Assets.xcassets */; };
		1162E18E274A4FE1002CE720 /* Preview Assets.xcassets in Resources */ = {isa = PBXBuildFile; fileRef = 1162E18D274A4FE1002CE720 /* Preview Assets.xcassets */; };
		1162E195274A50E1002CE720 /* Models.swift in Sources */ = {isa = PBXBuildFile; fileRef = 1162E194274A50E1002CE720 /* Models.swift */; };
		1162E197274A5237002CE720 /* CatalogVM.swift in Sources */ = {isa = PBXBuildFile; fileRef = 1162E196274A5237002CE720 /* CatalogVM.swift */; };
		116A8F502764DBCE009F86DD /* CustomerLoginVM.swift in Sources */ = {isa = PBXBuildFile; fileRef = 116A8F4F2764DBCE009F86DD /* CustomerLoginVM.swift */; };
		116A8F5427667DBC009F86DD /* CustomerRegisterVM.swift in Sources */ = {isa = PBXBuildFile; fileRef = 116A8F5327667DBC009F86DD /* CustomerRegisterVM.swift */; };
		116A8F5627667EDC009F86DD /* RegisterPageView.swift in Sources */ = {isa = PBXBuildFile; fileRef = 116A8F5527667EDC009F86DD /* RegisterPageView.swift */; };
		11736DD9274F87640066F9F6 /* WebService.swift in Sources */ = {isa = PBXBuildFile; fileRef = 11736DD8274F87640066F9F6 /* WebService.swift */; };
		11736DDB274F9B2D0066F9F6 /* OrderDetailVM.swift in Sources */ = {isa = PBXBuildFile; fileRef = 11736DDA274F9B2D0066F9F6 /* OrderDetailVM.swift */; };
		1176048E27510DE300E9CBB6 /* CatalogView.swift in Sources */ = {isa = PBXBuildFile; fileRef = 1176048D27510DE300E9CBB6 /* CatalogView.swift */; };
		11899E08276F13C1008CF0F0 /* CustomerView.swift in Sources */ = {isa = PBXBuildFile; fileRef = 11899E07276F13C1008CF0F0 /* CustomerView.swift */; };
		11899E0A276F2750008CF0F0 /* CustomerVM.swift in Sources */ = {isa = PBXBuildFile; fileRef = 11899E09276F2750008CF0F0 /* CustomerVM.swift */; };
		11899E0D276F72A1008CF0F0 /* PersonalView.swift in Sources */ = {isa = PBXBuildFile; fileRef = 11899E0C276F72A1008CF0F0 /* PersonalView.swift */; };
		11E3097C276CEEBF00728A3F /* CartView.swift in Sources */ = {isa = PBXBuildFile; fileRef = 11E3097B276CEEBF00728A3F /* CartView.swift */; };
		11E3097E276DE0BA00728A3F /* ProductInfoView.swift in Sources */ = {isa = PBXBuildFile; fileRef = 11E3097D276DE0BA00728A3F /* ProductInfoView.swift */; };
		11E30980276DEDB700728A3F /* CartVM.swift in Sources */ = {isa = PBXBuildFile; fileRef = 11E3097F276DEDB600728A3F /* CartVM.swift */; };
		A14F194BEB6CCFBA910DFE03 /* Pods_BeerFactoryApp.framework in Frameworks */ = {isa = PBXBuildFile; fileRef = E6574E818C5445FBD40C6FE6 /* Pods_BeerFactoryApp.framework */; };
/* End PBXBuildFile section */

/* Begin PBXFileReference section */
		112663E2274E559200EF9B33 /* OrdersView.swift */ = {isa = PBXFileReference; lastKnownFileType = sourcecode.swift; path = OrdersView.swift; sourceTree = "<group>"; };
		1144E25D274E99330039B2C3 /* OrdersVM.swift */ = {isa = PBXFileReference; lastKnownFileType = sourcecode.swift; path = OrdersVM.swift; sourceTree = "<group>"; };
		1162E183274A4FDE002CE720 /* BeerFactoryApp.app */ = {isa = PBXFileReference; explicitFileType = wrapper.application; includeInIndex = 0; path = BeerFactoryApp.app; sourceTree = BUILT_PRODUCTS_DIR; };
		1162E186274A4FDE002CE720 /* BeerFactoryAppApp.swift */ = {isa = PBXFileReference; lastKnownFileType = sourcecode.swift; path = BeerFactoryAppApp.swift; sourceTree = "<group>"; };
		1162E188274A4FDE002CE720 /* LoginPageView.swift */ = {isa = PBXFileReference; lastKnownFileType = sourcecode.swift; path = LoginPageView.swift; sourceTree = "<group>"; };
		1162E18A274A4FE1002CE720 /* Assets.xcassets */ = {isa = PBXFileReference; lastKnownFileType = folder.assetcatalog; path = Assets.xcassets; sourceTree = "<group>"; };
		1162E18D274A4FE1002CE720 /* Preview Assets.xcassets */ = {isa = PBXFileReference; lastKnownFileType = folder.assetcatalog; path = "Preview Assets.xcassets"; sourceTree = "<group>"; };
		1162E194274A50E1002CE720 /* Models.swift */ = {isa = PBXFileReference; lastKnownFileType = sourcecode.swift; path = Models.swift; sourceTree = "<group>"; };
		1162E196274A5237002CE720 /* CatalogVM.swift */ = {isa = PBXFileReference; lastKnownFileType = sourcecode.swift; path = CatalogVM.swift; sourceTree = "<group>"; };
		1162E198274A5C0C002CE720 /* Info.plist */ = {isa = PBXFileReference; lastKnownFileType = text.plist; path = Info.plist; sourceTree = "<group>"; };
		116A8F4F2764DBCE009F86DD /* CustomerLoginVM.swift */ = {isa = PBXFileReference; lastKnownFileType = sourcecode.swift; path = CustomerLoginVM.swift; sourceTree = "<group>"; };
		116A8F5327667DBC009F86DD /* CustomerRegisterVM.swift */ = {isa = PBXFileReference; lastKnownFileType = sourcecode.swift; path = CustomerRegisterVM.swift; sourceTree = "<group>"; };
		116A8F5527667EDC009F86DD /* RegisterPageView.swift */ = {isa = PBXFileReference; lastKnownFileType = sourcecode.swift; path = RegisterPageView.swift; sourceTree = "<group>"; };
		11736DD8274F87640066F9F6 /* WebService.swift */ = {isa = PBXFileReference; lastKnownFileType = sourcecode.swift; path = WebService.swift; sourceTree = "<group>"; };
		11736DDA274F9B2D0066F9F6 /* OrderDetailVM.swift */ = {isa = PBXFileReference; lastKnownFileType = sourcecode.swift; path = OrderDetailVM.swift; sourceTree = "<group>"; };
		1176048D27510DE300E9CBB6 /* CatalogView.swift */ = {isa = PBXFileReference; lastKnownFileType = sourcecode.swift; path = CatalogView.swift; sourceTree = "<group>"; };
		11899E07276F13C1008CF0F0 /* CustomerView.swift */ = {isa = PBXFileReference; lastKnownFileType = sourcecode.swift; path = CustomerView.swift; sourceTree = "<group>"; };
		11899E09276F2750008CF0F0 /* CustomerVM.swift */ = {isa = PBXFileReference; lastKnownFileType = sourcecode.swift; path = CustomerVM.swift; sourceTree = "<group>"; };
		11899E0C276F72A1008CF0F0 /* PersonalView.swift */ = {isa = PBXFileReference; lastKnownFileType = sourcecode.swift; path = PersonalView.swift; sourceTree = "<group>"; };
		11E3097B276CEEBF00728A3F /* CartView.swift */ = {isa = PBXFileReference; lastKnownFileType = sourcecode.swift; path = CartView.swift; sourceTree = "<group>"; };
		11E3097D276DE0BA00728A3F /* ProductInfoView.swift */ = {isa = PBXFileReference; lastKnownFileType = sourcecode.swift; path = ProductInfoView.swift; sourceTree = "<group>"; };
		11E3097F276DEDB600728A3F /* CartVM.swift */ = {isa = PBXFileReference; lastKnownFileType = sourcecode.swift; path = CartVM.swift; sourceTree = "<group>"; };
		353EFC09980D6602A95AEC04 /* Pods-BeerFactoryApp.release.xcconfig */ = {isa = PBXFileReference; includeInIndex = 1; lastKnownFileType = text.xcconfig; name = "Pods-BeerFactoryApp.release.xcconfig"; path = "Target Support Files/Pods-BeerFactoryApp/Pods-BeerFactoryApp.release.xcconfig"; sourceTree = "<group>"; };
		E6574E818C5445FBD40C6FE6 /* Pods_BeerFactoryApp.framework */ = {isa = PBXFileReference; explicitFileType = wrapper.framework; includeInIndex = 0; path = Pods_BeerFactoryApp.framework; sourceTree = BUILT_PRODUCTS_DIR; };
		EB713CB916696F1649B2666F /* Pods-BeerFactoryApp.debug.xcconfig */ = {isa = PBXFileReference; includeInIndex = 1; lastKnownFileType = text.xcconfig; name = "Pods-BeerFactoryApp.debug.xcconfig"; path = "Target Support Files/Pods-BeerFactoryApp/Pods-BeerFactoryApp.debug.xcconfig"; sourceTree = "<group>"; };
/* End PBXFileReference section */

/* Begin PBXFrameworksBuildPhase section */
		1162E180274A4FDE002CE720 /* Frameworks */ = {
			isa = PBXFrameworksBuildPhase;
			buildActionMask = 2147483647;
			files = (
				A14F194BEB6CCFBA910DFE03 /* Pods_BeerFactoryApp.framework in Frameworks */,
			);
			runOnlyForDeploymentPostprocessing = 0;
		};
/* End PBXFrameworksBuildPhase section */

/* Begin PBXGroup section */
		1162E17A274A4FDE002CE720 = {
			isa = PBXGroup;
			children = (
				1162E185274A4FDE002CE720 /* BeerFactoryApp */,
				1162E184274A4FDE002CE720 /* Products */,
				C984408D0B0DF143A12BC1D6 /* Pods */,
				28F14B919D4D45B967A74E3D /* Frameworks */,
			);
			sourceTree = "<group>";
		};
		1162E184274A4FDE002CE720 /* Products */ = {
			isa = PBXGroup;
			children = (
				1162E183274A4FDE002CE720 /* BeerFactoryApp.app */,
			);
			name = Products;
			sourceTree = "<group>";
		};
		1162E185274A4FDE002CE720 /* BeerFactoryApp */ = {
			isa = PBXGroup;
			children = (
				1162E198274A5C0C002CE720 /* Info.plist */,
				1162E186274A4FDE002CE720 /* BeerFactoryAppApp.swift */,
				11736DD7274F87440066F9F6 /* WebServices */,
				11736DDC274F9B380066F9F6 /* ViewModels */,
				116A8F4D2764D621009F86DD /* Views */,
				116A8F4E2764D637009F86DD /* Models */,
				1162E18A274A4FE1002CE720 /* Assets.xcassets */,
				1162E18C274A4FE1002CE720 /* Preview Content */,
			);
			path = BeerFactoryApp;
			sourceTree = "<group>";
		};
		1162E18C274A4FE1002CE720 /* Preview Content */ = {
			isa = PBXGroup;
			children = (
				1162E18D274A4FE1002CE720 /* Preview Assets.xcassets */,
			);
			path = "Preview Content";
			sourceTree = "<group>";
		};
		116A8F4D2764D621009F86DD /* Views */ = {
			isa = PBXGroup;
			children = (
				11899E0B276F2B40008CF0F0 /* Tabs */,
				1162E188274A4FDE002CE720 /* LoginPageView.swift */,
				11E3097D276DE0BA00728A3F /* ProductInfoView.swift */,
				116A8F5527667EDC009F86DD /* RegisterPageView.swift */,
			);
			path = Views;
			sourceTree = "<group>";
		};
		116A8F4E2764D637009F86DD /* Models */ = {
			isa = PBXGroup;
			children = (
				1162E194274A50E1002CE720 /* Models.swift */,
			);
			path = Models;
			sourceTree = "<group>";
		};
		11736DD7274F87440066F9F6 /* WebServices */ = {
			isa = PBXGroup;
			children = (
				11736DD8274F87640066F9F6 /* WebService.swift */,
			);
			path = WebServices;
			sourceTree = "<group>";
		};
		11736DDC274F9B380066F9F6 /* ViewModels */ = {
			isa = PBXGroup;
			children = (
				11899E09276F2750008CF0F0 /* CustomerVM.swift */,
				1144E25D274E99330039B2C3 /* OrdersVM.swift */,
				11E3097F276DEDB600728A3F /* CartVM.swift */,
				1162E196274A5237002CE720 /* CatalogVM.swift */,
				11736DDA274F9B2D0066F9F6 /* OrderDetailVM.swift */,
				116A8F4F2764DBCE009F86DD /* CustomerLoginVM.swift */,
				116A8F5327667DBC009F86DD /* CustomerRegisterVM.swift */,
			);
			path = ViewModels;
			sourceTree = "<group>";
		};
		11899E0B276F2B40008CF0F0 /* Tabs */ = {
			isa = PBXGroup;
			children = (
				11899E07276F13C1008CF0F0 /* CustomerView.swift */,
				112663E2274E559200EF9B33 /* OrdersView.swift */,
				11E3097B276CEEBF00728A3F /* CartView.swift */,
				1176048D27510DE300E9CBB6 /* CatalogView.swift */,
				11899E0C276F72A1008CF0F0 /* PersonalView.swift */,
			);
			name = Tabs;
			sourceTree = "<group>";
		};
		28F14B919D4D45B967A74E3D /* Frameworks */ = {
			isa = PBXGroup;
			children = (
				E6574E818C5445FBD40C6FE6 /* Pods_BeerFactoryApp.framework */,
			);
			name = Frameworks;
			sourceTree = "<group>";
		};
		C984408D0B0DF143A12BC1D6 /* Pods */ = {
			isa = PBXGroup;
			children = (
				EB713CB916696F1649B2666F /* Pods-BeerFactoryApp.debug.xcconfig */,
				353EFC09980D6602A95AEC04 /* Pods-BeerFactoryApp.release.xcconfig */,
			);
			path = Pods;
			sourceTree = "<group>";
		};
/* End PBXGroup section */

/* Begin PBXNativeTarget section */
		1162E182274A4FDE002CE720 /* BeerFactoryApp */ = {
			isa = PBXNativeTarget;
			buildConfigurationList = 1162E191274A4FE1002CE720 /* Build configuration list for PBXNativeTarget "BeerFactoryApp" */;
			buildPhases = (
				D02367199722554C8B2AF5C3 /* [CP] Check Pods Manifest.lock */,
				1162E17F274A4FDE002CE720 /* Sources */,
				1162E180274A4FDE002CE720 /* Frameworks */,
				1162E181274A4FDE002CE720 /* Resources */,
				CFF9E113AE63645D92B408A4 /* [CP] Embed Pods Frameworks */,
			);
			buildRules = (
			);
			dependencies = (
			);
			name = BeerFactoryApp;
			productName = BeerFactoryApp;
			productReference = 1162E183274A4FDE002CE720 /* BeerFactoryApp.app */;
			productType = "com.apple.product-type.application";
		};
/* End PBXNativeTarget section */

/* Begin PBXProject section */
		1162E17B274A4FDE002CE720 /* Project object */ = {
			isa = PBXProject;
			attributes = {
				BuildIndependentTargetsInParallel = 1;
				LastSwiftUpdateCheck = 1310;
				LastUpgradeCheck = 1310;
				TargetAttributes = {
					1162E182274A4FDE002CE720 = {
						CreatedOnToolsVersion = 13.1;
					};
				};
			};
			buildConfigurationList = 1162E17E274A4FDE002CE720 /* Build configuration list for PBXProject "BeerFactoryApp" */;
			compatibilityVersion = "Xcode 13.0";
			developmentRegion = en;
			hasScannedForEncodings = 0;
			knownRegions = (
				en,
				Base,
			);
			mainGroup = 1162E17A274A4FDE002CE720;
			productRefGroup = 1162E184274A4FDE002CE720 /* Products */;
			projectDirPath = "";
			projectRoot = "";
			targets = (
				1162E182274A4FDE002CE720 /* BeerFactoryApp */,
			);
		};
/* End PBXProject section */

/* Begin PBXResourcesBuildPhase section */
		1162E181274A4FDE002CE720 /* Resources */ = {
			isa = PBXResourcesBuildPhase;
			buildActionMask = 2147483647;
			files = (
				1162E18E274A4FE1002CE720 /* Preview Assets.xcassets in Resources */,
				1162E18B274A4FE1002CE720 /* Assets.xcassets in Resources */,
			);
			runOnlyForDeploymentPostprocessing = 0;
		};
/* End PBXResourcesBuildPhase section */

/* Begin PBXShellScriptBuildPhase section */
		CFF9E113AE63645D92B408A4 /* [CP] Embed Pods Frameworks */ = {
			isa = PBXShellScriptBuildPhase;
			buildActionMask = 2147483647;
			files = (
			);
			inputFileListPaths = (
				"${PODS_ROOT}/Target Support Files/Pods-BeerFactoryApp/Pods-BeerFactoryApp-frameworks-${CONFIGURATION}-input-files.xcfilelist",
			);
			name = "[CP] Embed Pods Frameworks";
			outputFileListPaths = (
				"${PODS_ROOT}/Target Support Files/Pods-BeerFactoryApp/Pods-BeerFactoryApp-frameworks-${CONFIGURATION}-output-files.xcfilelist",
			);
			runOnlyForDeploymentPostprocessing = 0;
			shellPath = /bin/sh;
			shellScript = "\"${PODS_ROOT}/Target Support Files/Pods-BeerFactoryApp/Pods-BeerFactoryApp-frameworks.sh\"\n";
			showEnvVarsInLog = 0;
		};
		D02367199722554C8B2AF5C3 /* [CP] Check Pods Manifest.lock */ = {
			isa = PBXShellScriptBuildPhase;
			buildActionMask = 2147483647;
			files = (
			);
			inputFileListPaths = (
			);
			inputPaths = (
				"${PODS_PODFILE_DIR_PATH}/Podfile.lock",
				"${PODS_ROOT}/Manifest.lock",
			);
			name = "[CP] Check Pods Manifest.lock";
			outputFileListPaths = (
			);
			outputPaths = (
				"$(DERIVED_FILE_DIR)/Pods-BeerFactoryApp-checkManifestLockResult.txt",
			);
			runOnlyForDeploymentPostprocessing = 0;
			shellPath = /bin/sh;
			shellScript = "diff \"${PODS_PODFILE_DIR_PATH}/Podfile.lock\" \"${PODS_ROOT}/Manifest.lock\" > /dev/null\nif [ $? != 0 ] ; then\n    # print error to STDERR\n    echo \"error: The sandbox is not in sync with the Podfile.lock. Run 'pod install' or update your CocoaPods installation.\" >&2\n    exit 1\nfi\n# This output is used by Xcode 'outputs' to avoid re-running this script phase.\necho \"SUCCESS\" > \"${SCRIPT_OUTPUT_FILE_0}\"\n";
			showEnvVarsInLog = 0;
		};
/* End PBXShellScriptBuildPhase section */

/* Begin PBXSourcesBuildPhase section */
		1162E17F274A4FDE002CE720 /* Sources */ = {
			isa = PBXSourcesBuildPhase;
			buildActionMask = 2147483647;
			files = (
				1162E195274A50E1002CE720 /* Models.swift in Sources */,
				11899E08276F13C1008CF0F0 /* CustomerView.swift in Sources */,
				1162E189274A4FDE002CE720 /* LoginPageView.swift in Sources */,
				116A8F5627667EDC009F86DD /* RegisterPageView.swift in Sources */,
				11E30980276DEDB700728A3F /* CartVM.swift in Sources */,
				11736DD9274F87640066F9F6 /* WebService.swift in Sources */,
				1144E25E274E99330039B2C3 /* OrdersVM.swift in Sources */,
				1162E197274A5237002CE720 /* CatalogVM.swift in Sources */,
				11E3097E276DE0BA00728A3F /* ProductInfoView.swift in Sources */,
				112663E3274E559200EF9B33 /* OrdersView.swift in Sources */,
				11E3097C276CEEBF00728A3F /* CartView.swift in Sources */,
				11899E0A276F2750008CF0F0 /* CustomerVM.swift in Sources */,
				116A8F5427667DBC009F86DD /* CustomerRegisterVM.swift in Sources */,
				1176048E27510DE300E9CBB6 /* CatalogView.swift in Sources */,
				1162E187274A4FDE002CE720 /* BeerFactoryAppApp.swift in Sources */,
				116A8F502764DBCE009F86DD /* CustomerLoginVM.swift in Sources */,
				11899E0D276F72A1008CF0F0 /* PersonalView.swift in Sources */,
				11736DDB274F9B2D0066F9F6 /* OrderDetailVM.swift in Sources */,
			);
			runOnlyForDeploymentPostprocessing = 0;
		};
/* End PBXSourcesBuildPhase section */

/* Begin XCBuildConfiguration section */
		1162E18F274A4FE1002CE720 /* Debug */ = {
			isa = XCBuildConfiguration;
			buildSettings = {
				ALWAYS_SEARCH_USER_PATHS = NO;
				CLANG_ANALYZER_NONNULL = YES;
				CLANG_ANALYZER_NUMBER_OBJECT_CONVERSION = YES_AGGRESSIVE;
				CLANG_CXX_LANGUAGE_STANDARD = "gnu++17";
				CLANG_CXX_LIBRARY = "libc++";
				CLANG_ENABLE_MODULES = YES;
				CLANG_ENABLE_OBJC_ARC = YES;
				CLANG_ENABLE_OBJC_WEAK = YES;
				CLANG_WARN_BLOCK_CAPTURE_AUTORELEASING = YES;
				CLANG_WARN_BOOL_CONVERSION = YES;
				CLANG_WARN_COMMA = YES;
				CLANG_WARN_CONSTANT_CONVERSION = YES;
				CLANG_WARN_DEPRECATED_OBJC_IMPLEMENTATIONS = YES;
				CLANG_WARN_DIRECT_OBJC_ISA_USAGE = YES_ERROR;
				CLANG_WARN_DOCUMENTATION_COMMENTS = YES;
				CLANG_WARN_EMPTY_BODY = YES;
				CLANG_WARN_ENUM_CONVERSION = YES;
				CLANG_WARN_INFINITE_RECURSION = YES;
				CLANG_WARN_INT_CONVERSION = YES;
				CLANG_WARN_NON_LITERAL_NULL_CONVERSION = YES;
				CLANG_WARN_OBJC_IMPLICIT_RETAIN_SELF = YES;
				CLANG_WARN_OBJC_LITERAL_CONVERSION = YES;
				CLANG_WARN_OBJC_ROOT_CLASS = YES_ERROR;
				CLANG_WARN_QUOTED_INCLUDE_IN_FRAMEWORK_HEADER = YES;
				CLANG_WARN_RANGE_LOOP_ANALYSIS = YES;
				CLANG_WARN_STRICT_PROTOTYPES = YES;
				CLANG_WARN_SUSPICIOUS_MOVE = YES;
				CLANG_WARN_UNGUARDED_AVAILABILITY = YES_AGGRESSIVE;
				CLANG_WARN_UNREACHABLE_CODE = YES;
				CLANG_WARN__DUPLICATE_METHOD_MATCH = YES;
				COPY_PHASE_STRIP = NO;
				DEBUG_INFORMATION_FORMAT = dwarf;
				ENABLE_STRICT_OBJC_MSGSEND = YES;
				ENABLE_TESTABILITY = YES;
				GCC_C_LANGUAGE_STANDARD = gnu11;
				GCC_DYNAMIC_NO_PIC = NO;
				GCC_NO_COMMON_BLOCKS = YES;
				GCC_OPTIMIZATION_LEVEL = 0;
				GCC_PREPROCESSOR_DEFINITIONS = (
					"DEBUG=1",
					"$(inherited)",
				);
				GCC_WARN_64_TO_32_BIT_CONVERSION = YES;
				GCC_WARN_ABOUT_RETURN_TYPE = YES_ERROR;
				GCC_WARN_UNDECLARED_SELECTOR = YES;
				GCC_WARN_UNINITIALIZED_AUTOS = YES_AGGRESSIVE;
				GCC_WARN_UNUSED_FUNCTION = YES;
				GCC_WARN_UNUSED_VARIABLE = YES;
				IPHONEOS_DEPLOYMENT_TARGET = 15.0;
				MTL_ENABLE_DEBUG_INFO = INCLUDE_SOURCE;
				MTL_FAST_MATH = YES;
				ONLY_ACTIVE_ARCH = YES;
				SDKROOT = iphoneos;
				SWIFT_ACTIVE_COMPILATION_CONDITIONS = DEBUG;
				SWIFT_OPTIMIZATION_LEVEL = "-Onone";
			};
			name = Debug;
		};
		1162E190274A4FE1002CE720 /* Release */ = {
			isa = XCBuildConfiguration;
			buildSettings = {
				ALWAYS_SEARCH_USER_PATHS = NO;
				CLANG_ANALYZER_NONNULL = YES;
				CLANG_ANALYZER_NUMBER_OBJECT_CONVERSION = YES_AGGRESSIVE;
				CLANG_CXX_LANGUAGE_STANDARD = "gnu++17";
				CLANG_CXX_LIBRARY = "libc++";
				CLANG_ENABLE_MODULES = YES;
				CLANG_ENABLE_OBJC_ARC = YES;
				CLANG_ENABLE_OBJC_WEAK = YES;
				CLANG_WARN_BLOCK_CAPTURE_AUTORELEASING = YES;
				CLANG_WARN_BOOL_CONVERSION = YES;
				CLANG_WARN_COMMA = YES;
				CLANG_WARN_CONSTANT_CONVERSION = YES;
				CLANG_WARN_DEPRECATED_OBJC_IMPLEMENTATIONS = YES;
				CLANG_WARN_DIRECT_OBJC_ISA_USAGE = YES_ERROR;
				CLANG_WARN_DOCUMENTATION_COMMENTS = YES;
				CLANG_WARN_EMPTY_BODY = YES;
				CLANG_WARN_ENUM_CONVERSION = YES;
				CLANG_WARN_INFINITE_RECURSION = YES;
				CLANG_WARN_INT_CONVERSION = YES;
				CLANG_WARN_NON_LITERAL_NULL_CONVERSION = YES;
				CLANG_WARN_OBJC_IMPLICIT_RETAIN_SELF = YES;
				CLANG_WARN_OBJC_LITERAL_CONVERSION = YES;
				CLANG_WARN_OBJC_ROOT_CLASS = YES_ERROR;
				CLANG_WARN_QUOTED_INCLUDE_IN_FRAMEWORK_HEADER = YES;
				CLANG_WARN_RANGE_LOOP_ANALYSIS = YES;
				CLANG_WARN_STRICT_PROTOTYPES = YES;
				CLANG_WARN_SUSPICIOUS_MOVE = YES;
				CLANG_WARN_UNGUARDED_AVAILABILITY = YES_AGGRESSIVE;
				CLANG_WARN_UNREACHABLE_CODE = YES;
				CLANG_WARN__DUPLICATE_METHOD_MATCH = YES;
				COPY_PHASE_STRIP = NO;
				DEBUG_INFORMATION_FORMAT = "dwarf-with-dsym";
				ENABLE_NS_ASSERTIONS = NO;
				ENABLE_STRICT_OBJC_MSGSEND = YES;
				GCC_C_LANGUAGE_STANDARD = gnu11;
				GCC_NO_COMMON_BLOCKS = YES;
				GCC_WARN_64_TO_32_BIT_CONVERSION = YES;
				GCC_WARN_ABOUT_RETURN_TYPE = YES_ERROR;
				GCC_WARN_UNDECLARED_SELECTOR = YES;
				GCC_WARN_UNINITIALIZED_AUTOS = YES_AGGRESSIVE;
				GCC_WARN_UNUSED_FUNCTION = YES;
				GCC_WARN_UNUSED_VARIABLE = YES;
				IPHONEOS_DEPLOYMENT_TARGET = 15.0;
				MTL_ENABLE_DEBUG_INFO = NO;
				MTL_FAST_MATH = YES;
				SDKROOT = iphoneos;
				SWIFT_COMPILATION_MODE = wholemodule;
				SWIFT_OPTIMIZATION_LEVEL = "-O";
				VALIDATE_PRODUCT = YES;
			};
			name = Release;
		};
		1162E192274A4FE1002CE720 /* Debug */ = {
			isa = XCBuildConfiguration;
			baseConfigurationReference = EB713CB916696F1649B2666F /* Pods-BeerFactoryApp.debug.xcconfig */;
			buildSettings = {
				ASSETCATALOG_COMPILER_APPICON_NAME = AppIcon;
				ASSETCATALOG_COMPILER_GLOBAL_ACCENT_COLOR_NAME = AccentColor;
				CODE_SIGN_STYLE = Automatic;
				CURRENT_PROJECT_VERSION = 1;
				DEVELOPMENT_ASSET_PATHS = "\"BeerFactoryApp/Preview Content\"";
				DEVELOPMENT_TEAM = CS4N74YJQW;
				ENABLE_PREVIEWS = YES;
				GENERATE_INFOPLIST_FILE = YES;
				INFOPLIST_FILE = BeerFactoryApp/Info.plist;
				INFOPLIST_KEY_UIApplicationSceneManifest_Generation = YES;
				INFOPLIST_KEY_UIApplicationSupportsIndirectInputEvents = YES;
				INFOPLIST_KEY_UILaunchScreen_Generation = YES;
				INFOPLIST_KEY_UISupportedInterfaceOrientations_iPad = "UIInterfaceOrientationPortrait UIInterfaceOrientationPortraitUpsideDown UIInterfaceOrientationLandscapeLeft UIInterfaceOrientationLandscapeRight";
				INFOPLIST_KEY_UISupportedInterfaceOrientations_iPhone = "UIInterfaceOrientationPortrait UIInterfaceOrientationLandscapeLeft UIInterfaceOrientationLandscapeRight";
				LD_RUNPATH_SEARCH_PATHS = (
					"$(inherited)",
					"@executable_path/Frameworks",
				);
				MARKETING_VERSION = 1.0;
				PRODUCT_BUNDLE_IDENTIFIER = Konovalov.BeerFactoryApp;
				PRODUCT_NAME = "$(TARGET_NAME)";
				SWIFT_EMIT_LOC_STRINGS = YES;
				SWIFT_VERSION = 5.0;
				TARGETED_DEVICE_FAMILY = "1,2";
			};
			name = Debug;
		};
		1162E193274A4FE1002CE720 /* Release */ = {
			isa = XCBuildConfiguration;
			baseConfigurationReference = 353EFC09980D6602A95AEC04 /* Pods-BeerFactoryApp.release.xcconfig */;
			buildSettings = {
				ASSETCATALOG_COMPILER_APPICON_NAME = AppIcon;
				ASSETCATALOG_COMPILER_GLOBAL_ACCENT_COLOR_NAME = AccentColor;
				CODE_SIGN_STYLE = Automatic;
				CURRENT_PROJECT_VERSION = 1;
				DEVELOPMENT_ASSET_PATHS = "\"BeerFactoryApp/Preview Content\"";
				DEVELOPMENT_TEAM = CS4N74YJQW;
				ENABLE_PREVIEWS = YES;
				GENERATE_INFOPLIST_FILE = YES;
				INFOPLIST_FILE = BeerFactoryApp/Info.plist;
				INFOPLIST_KEY_UIApplicationSceneManifest_Generation = YES;
				INFOPLIST_KEY_UIApplicationSupportsIndirectInputEvents = YES;
				INFOPLIST_KEY_UILaunchScreen_Generation = YES;
				INFOPLIST_KEY_UISupportedInterfaceOrientations_iPad = "UIInterfaceOrientationPortrait UIInterfaceOrientationPortraitUpsideDown UIInterfaceOrientationLandscapeLeft UIInterfaceOrientationLandscapeRight";
				INFOPLIST_KEY_UISupportedInterfaceOrientations_iPhone = "UIInterfaceOrientationPortrait UIInterfaceOrientationLandscapeLeft UIInterfaceOrientationLandscapeRight";
				LD_RUNPATH_SEARCH_PATHS = (
					"$(inherited)",
					"@executable_path/Frameworks",
				);
				MARKETING_VERSION = 1.0;
				PRODUCT_BUNDLE_IDENTIFIER = Konovalov.BeerFactoryApp;
				PRODUCT_NAME = "$(TARGET_NAME)";
				SWIFT_EMIT_LOC_STRINGS = YES;
				SWIFT_VERSION = 5.0;
				TARGETED_DEVICE_FAMILY = "1,2";
			};
			name = Release;
		};
/* End XCBuildConfiguration section */

/* Begin XCConfigurationList section */
		1162E17E274A4FDE002CE720 /* Build configuration list for PBXProject "BeerFactoryApp" */ = {
			isa = XCConfigurationList;
			buildConfigurations = (
				1162E18F274A4FE1002CE720 /* Debug */,
				1162E190274A4FE1002CE720 /* Release */,
			);
			defaultConfigurationIsVisible = 0;
			defaultConfigurationName = Release;
		};
		1162E191274A4FE1002CE720 /* Build configuration list for PBXNativeTarget "BeerFactoryApp" */ = {
			isa = XCConfigurationList;
			buildConfigurations = (
				1162E192274A4FE1002CE720 /* Debug */,
				1162E193274A4FE1002CE720 /* Release */,
			);
			defaultConfigurationIsVisible = 0;
			defaultConfigurationName = Release;
		};
/* End XCConfigurationList section */
	};
	rootObject = 1162E17B274A4FDE002CE720 /* Project object */;
}
